{
  "nodes": {
    "flake-utils": {
      "locked": {
        "lastModified": 1601282935,
        "narHash": "sha256-WQAFV6sGGQxrRs3a+/Yj9xUYvhTpukQJIcMbIi7LCJ4=",
        "owner": "numtide",
        "repo": "flake-utils",
        "rev": "588973065fce51f4763287f0fda87a174d78bf48",
        "type": "github"
      },
      "original": {
        "owner": "numtide",
        "repo": "flake-utils",
        "type": "github"
      }
    },
    "haskTorch": {
      "flake": false,
      "locked": {
        "lastModified": 1604194877,
        "narHash": "sha256-KGtoI5c9i52HcdX/ENOrwsYqQ6VUp6xxEASsEwsJf2M=",
        "owner": "hasktorch",
        "repo": "hasktorch",
        "rev": "86d107941b329032c1ffc9fd604354d611ea126a",
        "type": "github"
      },
      "original": {
        "owner": "hasktorch",
        "repo": "hasktorch",
        "type": "github"
      }
    },
    "jupyterWith": {
      "flake": false,
      "locked": {
        "lastModified": 1604913459,
        "narHash": "sha256-afJzZMeZbJ+798QLnnlZI/rr9sO7bErzpUK+6G7Y9SU=",
        "owner": "GTrunSec",
        "repo": "jupyterWith",
        "rev": "d356494d7bcafa6c1235ec29b00f3ec187cd1866",
        "type": "github"
      },
      "original": {
        "owner": "GTrunSec",
        "ref": "Nov",
        "repo": "jupyterWith",
        "type": "github"
      }
    },
    "nixpkgs": {
      "locked": {
        "lastModified": 1592174545,
        "narHash": "sha256-j+udoeEnrsRN8kl9/d7iK1ZRDOGhFqj/HW8A5Br4IZA=",
        "owner": "NixOS",
        "repo": "nixpkgs",
        "rev": "4c67f879f0ee0f4eb610373e479a0a9c518c51c4",
        "type": "github"
      },
      "original": {
        "id": "nixpkgs",
        "rev": "4c67f879f0ee0f4eb610373e479a0a9c518c51c4",
        "type": "indirect"
      }
    },
    "nixpkgs-hardenedlinux": {
      "flake": false,
      "locked": {
        "lastModified": 1602716780,
        "narHash": "sha256-1eI5XbkBUaYQCP3UQdBogs4v1dZWA2J6A9z39+y/MzI=",
        "owner": "hardenedlinux",
        "repo": "nixpkgs-hardenedlinux",
        "rev": "131b13c3ed419309f91659b7a1b5945d43f857e9",
        "type": "github"
      },
      "original": {
        "owner": "hardenedlinux",
        "ref": "master",
        "repo": "nixpkgs-hardenedlinux",
        "type": "github"
      }
    },
    "root": {
      "inputs": {
        "flake-utils": "flake-utils",
        "haskTorch": "haskTorch",
        "jupyterWith": "jupyterWith",
        "nixpkgs": "nixpkgs",
        "nixpkgs-hardenedlinux": "nixpkgs-hardenedlinux"
      }
    }
  },
  "root": "root",
  "version": 7
}
