{
  "nodes": {
    "devshell": {
      "locked": {
        "lastModified": 1616093728,
        "narHash": "sha256-5A3CABXiKPIzU4uETKStQvBtAoZNL1H1B/LAOk4FguU=",
        "owner": "numtide",
        "repo": "devshell",
        "rev": "3663a7dffb94b412cee4cc0c9644fe5f95911101",
        "type": "github"
      },
      "original": {
        "owner": "numtide",
        "repo": "devshell",
        "type": "github"
      }
    },
    "flake-utils": {
      "locked": {
        "lastModified": 1614513358,
        "narHash": "sha256-LakhOx3S1dRjnh0b5Dg3mbZyH0ToC9I8Y2wKSkBaTzU=",
        "owner": "numtide",
        "repo": "flake-utils",
        "rev": "5466c5bbece17adaab2d82fae80b46e807611bf3",
        "type": "github"
      },
      "original": {
        "owner": "numtide",
        "repo": "flake-utils",
        "type": "github"
      }
    },
    "flake-utils_2": {
      "locked": {
        "lastModified": 1601282935,
        "narHash": "sha256-WQAFV6sGGQxrRs3a+/Yj9xUYvhTpukQJIcMbIi7LCJ4=",
        "owner": "numtide",
        "repo": "flake-utils",
        "rev": "588973065fce51f4763287f0fda87a174d78bf48",
        "type": "github"
      },
      "original": {
        "owner": "numtide",
        "repo": "flake-utils",
        "type": "github"
      }
    },
    "haskTorch": {
      "flake": false,
      "locked": {
        "lastModified": 1589714496,
        "narHash": "sha256-Ww2o3Ves51WjsJ3WSuvUxEK9K74km9LNKHGa9pQa+/g=",
        "owner": "hasktorch",
        "repo": "hasktorch",
        "rev": "5f905f7ac62913a09cbb214d17c94dbc64fc8c7b",
        "type": "github"
      },
      "original": {
        "owner": "hasktorch",
        "repo": "hasktorch",
        "rev": "5f905f7ac62913a09cbb214d17c94dbc64fc8c7b",
        "type": "github"
      }
    },
    "haskell-nix": {
      "flake": false,
      "locked": {
        "lastModified": 1616316731,
        "narHash": "sha256-GvyOpP3RHmUGmqq6jTnH1VFogAOOE4vF9SoOcrvWbzI=",
        "owner": "input-output-hk",
        "repo": "haskell.nix",
        "rev": "72beef11fc6ec32a98f1dd0d4dcd072c89595b43",
        "type": "github"
      },
      "original": {
        "owner": "input-output-hk",
        "repo": "haskell.nix",
        "type": "github"
      }
    },
    "jupyterWith": {
      "flake": false,
      "locked": {
        "lastModified": 1616356889,
        "narHash": "sha256-KtWTgbZAdUA1dfCtqHB2nuYR0b3LbY6gyy4yQclfb38=",
        "owner": "GTrunSec",
        "repo": "jupyterWith",
        "rev": "3e71ff0a0d2485a682598bac0399c23a570a948f",
        "type": "github"
      },
      "original": {
        "owner": "GTrunSec",
        "ref": "Mar",
        "repo": "jupyterWith",
        "type": "github"
      }
    },
    "mach-nix": {
      "inputs": {
        "flake-utils": "flake-utils_2",
        "nixpkgs": [
          "nixpkgs"
        ],
        "pypi-deps-db": "pypi-deps-db"
      },
      "locked": {
        "lastModified": 1615528021,
        "narHash": "sha256-FSzp2qrHMhyiVr7K2wGdBeqf5HWGDCouuCYGNqgZD2I=",
        "owner": "DavHau",
        "repo": "mach-nix",
        "rev": "ac62255e8112e547432ca0f09bfe8f4d1920fbb8",
        "type": "github"
      },
      "original": {
        "owner": "DavHau",
        "repo": "mach-nix",
        "type": "github"
      }
    },
    "nixpkgs": {
      "locked": {
        "lastModified": 1615709438,
        "narHash": "sha256-hDLC1wVzcD+9dt1U9QpbP0v9bOYD9NGczsobHIEhDYw=",
        "owner": "NixOS",
        "repo": "nixpkgs",
        "rev": "3a7674c896847d18e598fa5da23d7426cb9be3d2",
        "type": "github"
      },
      "original": {
        "id": "nixpkgs",
        "rev": "3a7674c896847d18e598fa5da23d7426cb9be3d2",
        "type": "indirect"
      }
    },
    "nixpkgs-hardenedlinux": {
      "flake": false,
      "locked": {
        "lastModified": 1616287981,
        "narHash": "sha256-jo5iR0vfAkf3n4f7748pJEPc3Q5yF+1dlVhd27EH6rE=",
        "owner": "hardenedlinux",
        "repo": "nixpkgs-hardenedlinux",
        "rev": "e9d8c8c25ca96db47ab525499a44709c5dc7e611",
        "type": "github"
      },
      "original": {
        "owner": "hardenedlinux",
        "ref": "master",
        "repo": "nixpkgs-hardenedlinux",
        "type": "github"
      }
    },
    "pypi-deps-db": {
      "flake": false,
      "locked": {
        "lastModified": 1615363940,
        "narHash": "sha256-GJ3ONLWAr5ejqR5bKVfKpI/n+ClaxjyYewMP+QJyq5M=",
        "owner": "DavHau",
        "repo": "pypi-deps-db",
        "rev": "ab522f2d3255789f1ef97fa7c83d4342be156e67",
        "type": "github"
      },
      "original": {
        "owner": "DavHau",
        "repo": "pypi-deps-db",
        "type": "github"
      }
    },
    "root": {
      "inputs": {
        "devshell": "devshell",
        "flake-utils": "flake-utils",
        "haskTorch": "haskTorch",
        "haskell-nix": "haskell-nix",
        "jupyterWith": "jupyterWith",
        "mach-nix": "mach-nix",
        "nixpkgs": "nixpkgs",
        "nixpkgs-hardenedlinux": "nixpkgs-hardenedlinux",
        "stable": "stable"
      }
    },
    "stable": {
      "locked": {
        "lastModified": 1601419125,
        "narHash": "sha256-nWl+LD6H5IcEQ8SFuE7U8RAyYyOOlSJ/Cojs9kGckHU=",
        "owner": "NixOS",
        "repo": "nixpkgs",
        "rev": "703f052de185c3dd1218165e62b105a68e05e15f",
        "type": "github"
      },
      "original": {
        "id": "nixpkgs",
        "ref": "703f052de185c3dd1218165e62b105a68e05e15",
        "type": "indirect"
      }
    }
  },
  "root": "root",
  "version": 7
}
