{
  "nodes": {
    "devshell": {
      "flake": false,
      "locked": {
        "lastModified": 1636119665,
        "narHash": "sha256-e11Z9PyH9hdgTm4Vyl8S5iTwrv0um6+srzb1Ba+YUHA=",
        "owner": "numtide",
        "repo": "devshell",
        "rev": "ab14b1a3cb253f58e02f5f849d621292fbf81fad",
        "type": "github"
      },
      "original": {
        "owner": "numtide",
        "repo": "devshell",
        "type": "github"
      }
    },
    "flake-compat": {
      "flake": false,
      "locked": {
        "lastModified": 1627913399,
        "narHash": "sha256-hY8g6H2KFL8ownSiFeMOjwPC8P0ueXpCVEbxgda3pko=",
        "owner": "edolstra",
        "repo": "flake-compat",
        "rev": "12c64ca55c1014cdc1b16ed5a804aa8576601ff2",
        "type": "github"
      },
      "original": {
        "owner": "edolstra",
        "repo": "flake-compat",
        "type": "github"
      }
    },
    "flake-utils": {
      "locked": {
        "lastModified": 1623660459,
        "narHash": "sha256-OTmOsh43po7r5F9s9H6lVCBQ2b0FikWbmiwLbMAGRdw=",
        "owner": "numtide",
        "repo": "flake-utils",
        "rev": "98c8d36b1828009b20f12544214683c7489935a1",
        "type": "github"
      },
      "original": {
        "owner": "numtide",
        "repo": "flake-utils",
        "type": "github"
      }
    },
    "flake-utils_2": {
      "locked": {
        "lastModified": 1601282935,
        "narHash": "sha256-WQAFV6sGGQxrRs3a+/Yj9xUYvhTpukQJIcMbIi7LCJ4=",
        "owner": "numtide",
        "repo": "flake-utils",
        "rev": "588973065fce51f4763287f0fda87a174d78bf48",
        "type": "github"
      },
      "original": {
        "owner": "numtide",
        "repo": "flake-utils",
        "type": "github"
      }
    },
    "flake-utils_3": {
      "locked": {
        "lastModified": 1634851050,
        "narHash": "sha256-N83GlSGPJJdcqhUxSCS/WwW5pksYf3VP1M13cDRTSVA=",
        "owner": "numtide",
        "repo": "flake-utils",
        "rev": "c91f3de5adaf1de973b797ef7485e441a65b8935",
        "type": "github"
      },
      "original": {
        "owner": "numtide",
        "repo": "flake-utils",
        "type": "github"
      }
    },
    "jupyterWith": {
      "inputs": {
        "flake-utils": "flake-utils",
        "nixpkgs": "nixpkgs"
      },
      "locked": {
        "lastModified": 1631568933,
        "narHash": "sha256-Gkv97aHOftmhWYXTRcb/yTYzmjGHF5qngLFi2AZSVM4=",
        "owner": "GTrunSec",
        "repo": "jupyterWith",
        "rev": "bd808a034b4a64dbf34e7dea103c174826192638",
        "type": "github"
      },
      "original": {
        "owner": "GTrunSec",
        "ref": "main",
        "repo": "jupyterWith",
        "type": "github"
      }
    },
    "latest": {
      "locked": {
        "lastModified": 1636937154,
        "narHash": "sha256-9gxdjTLn08QH80+hl/XASaRqvdxv+FFIzNMdAWXaYg0=",
        "owner": "NixOS",
        "repo": "nixpkgs",
        "rev": "e87baa1e83af55cd385d4ce82671c53aea53a326",
        "type": "github"
      },
      "original": {
        "owner": "NixOS",
        "ref": "master",
        "repo": "nixpkgs",
        "type": "github"
      }
    },
    "mach-nix": {
      "inputs": {
        "flake-utils": "flake-utils_2",
        "nixpkgs": [
          "nixpkgs"
        ],
        "pypi-deps-db": [
          "pypi-deps-db"
        ]
      },
      "locked": {
        "lastModified": 1636732295,
        "narHash": "sha256-nVHV50D1AqlTIvtZXecUlS5O7BSI2a1ZTmB9x/aMGrc=",
        "owner": "DavHau",
        "repo": "mach-nix",
        "rev": "50367a977bb9a1a267e7f12472725ad08c54702f",
        "type": "github"
      },
      "original": {
        "owner": "DavHau",
        "repo": "mach-nix",
        "type": "github"
      }
    },
    "nixpkgs": {
      "locked": {
        "lastModified": 1623393771,
        "narHash": "sha256-UMqgWzS0IEqsosffjL0P621dixn5ncE9unNylpUB9Zs=",
        "owner": "NixOS",
        "repo": "nixpkgs",
        "rev": "a5d03577f0161c8a6e713b928ca44d9b3feb2c37",
        "type": "github"
      },
      "original": {
        "id": "nixpkgs",
        "rev": "a5d03577f0161c8a6e713b928ca44d9b3feb2c37",
        "type": "indirect"
      }
    },
    "nixpkgs_2": {
      "locked": {
        "lastModified": 1636773800,
        "narHash": "sha256-zhfNZrX2ARCUvhfPz1n8SbxfMlmmSfSj9evyps/FIKA=",
        "ref": "release-21.05",
        "rev": "df696225f76fc1ee2432805d3934942dfe866309",
        "revCount": 295570,
        "type": "git",
        "url": "file:///nix/nixpkgs"
      },
      "original": {
        "id": "nixpkgs",
        "ref": "release-21.05",
        "type": "indirect"
      }
    },
    "pypi-deps-db": {
      "flake": false,
      "locked": {
        "lastModified": 1636920525,
        "narHash": "sha256-0eS0zNv6ktdcvjQo/fJiRGO3kjeUwyRn5Kwd+25p3w4=",
        "owner": "DavHau",
        "repo": "pypi-deps-db",
        "rev": "971e457c3e8bc80d984770b761819ea2c1f59575",
        "type": "github"
      },
      "original": {
        "owner": "DavHau",
        "repo": "pypi-deps-db",
        "type": "github"
      }
    },
    "root": {
      "inputs": {
        "devshell": "devshell",
        "flake-compat": "flake-compat",
        "jupyterWith": "jupyterWith",
        "latest": "latest",
        "mach-nix": "mach-nix",
        "nixpkgs": "nixpkgs_2",
        "pypi-deps-db": "pypi-deps-db",
        "utils": "utils"
      }
    },
    "utils": {
      "inputs": {
        "flake-utils": "flake-utils_3"
      },
      "locked": {
        "lastModified": 1636270960,
        "narHash": "sha256-5M3ytlFl9q6up8twhJ63JE2A5igrHR94YsHTOmKzHwA=",
        "owner": "gytis-ivaskevicius",
        "repo": "flake-utils-plus",
        "rev": "e22fcd75da49c122ec7a0e30785e3edf2f69cfe7",
        "type": "github"
      },
      "original": {
        "owner": "gytis-ivaskevicius",
        "repo": "flake-utils-plus",
        "type": "github"
      }
    }
  },
  "root": "root",
  "version": 7
}
